{
  "name": "workhorse-pin-kilo-cli",
  "lockfileVersion": 3,
  "requires": true,
  "packages": {
    "": {
      "name": "workhorse-pin-kilo-cli",
      "dependencies": {
        "@kilocode/cli": "7.8.1"
      }
    },
    "node_modules/@kilocode/cli": {
      "version": "7.8.1",
      "resolved": "https://registry.npmjs.org/@kilocode/cli/-/cli-7.8.1.tgz",
      "integrity": "sha512-3dNWXhFhMxLkTXt8lMJ8fH1ZK8Ws7D6jEipMCmxejkaMNp9hd7FPnjCGUjK6zknnSJZokkA4+guFxoJQ+njYYw==",
      "cpu": [
        "arm64",
        "x64"
      ],
      "hasInstallScript": true,
      "license": "MIT",
      "os": [
        "darwin",
        "linux",
        "win32"
      ],
      "bin": {
        "kilo": "bin/kilo",
        "kilocode": "bin/kilo"
      },
      "optionalDependencies": {
        "@kilocode/cli-darwin-arm64": "7.8.1",
        "@kilocode/cli-darwin-x64": "7.8.1",
        "@kilocode/cli-darwin-x64-baseline": "7.8.1",
        "@kilocode/cli-linux-arm64": "7.8.1",
        "@kilocode/cli-linux-arm64-musl": "7.8.1",
        "@kilocode/cli-linux-x64": "7.8.1",
        "@kilocode/cli-linux-x64-baseline": "7.8.1",
        "@kilocode/cli-linux-x64-baseline-musl": "7.8.1",
        "@kilocode/cli-linux-x64-musl": "7.8.1",
        "@kilocode/cli-windows-arm64": "7.8.1",
        "@kilocode/cli-windows-x64": "7.8.1",
        "@kilocode/cli-windows-x64-baseline": "7.8.1"
      }
    },
    "node_modules/@kilocode/cli-darwin-arm64": {
      "version": "7.8.1",
      "resolved": "https://registry.npmjs.org/@kilocode/cli-darwin-arm64/-/cli-darwin-arm64-7.8.1.tgz",
      "integrity": "sha512-x44Ul0r9O5oxch1WVY78fRzufhV60U2dUlwkN06klZ7H26BSVcbEB755w4AoajjPEOBR0pxAd4rdpWplAfbRRQ==",
      "cpu": [
        "arm64"
      ],
      "license": "MIT",
      "optional": true,
      "os": [
        "darwin"
      ]
    },
    "node_modules/@kilocode/cli-darwin-x64": {
      "version": "7.8.1",
      "resolved": "https://registry.npmjs.org/@kilocode/cli-darwin-x64/-/cli-darwin-x64-7.8.1.tgz",
      "integrity": "sha512-SoOFPXm7GZ3tZS8tkLCE/BsESuDLE8Kgo2T0UOFknRaYHylBL+xc51/cd4qaP56QcVcyrkUg3NiNzx5X001JFA==",
      "cpu": [
        "x64"
      ],
      "license": "MIT",
      "optional": true,
      "os": [
        "darwin"
      ]
    },
    "node_modules/@kilocode/cli-darwin-x64-baseline": {
      "version": "7.8.1",
      "resolved": "https://registry.npmjs.org/@kilocode/cli-darwin-x64-baseline/-/cli-darwin-x64-baseline-7.8.1.tgz",
      "integrity": "sha512-blik3eaqMhVonvAzKAIH/Eq3oW01qgbD0OKCm9O5Z9BxU4cdWIIecvIhMBfP5iQNKAB8CGgxdVpw4L3Wf0V4xQ==",
      "cpu": [
        "x64"
      ],
      "license": "MIT",
      "optional": true,
      "os": [
        "darwin"
      ]
    },
    "node_modules/@kilocode/cli-linux-arm64": {
      "version": "7.8.1",
      "resolved": "https://registry.npmjs.org/@kilocode/cli-linux-arm64/-/cli-linux-arm64-7.8.1.tgz",
      "integrity": "sha512-icdxdQILi+DhUTjFpgG0VkTH4AJ3Fz6hbKNKS842LNC64ucJLQ6NL4qOTw8H0F/xayfJJCfor195LmzCdI2tZg==",
      "cpu": [
        "arm64"
      ],
      "license": "SEE LICENSE IN LICENSE",
      "optional": true,
      "os": [
        "linux"
      ]
    },
    "node_modules/@kilocode/cli-linux-arm64-musl": {
      "version": "7.8.1",
      "resolved": "https://registry.npmjs.org/@kilocode/cli-linux-arm64-musl/-/cli-linux-arm64-musl-7.8.1.tgz",
      "integrity": "sha512-4T5hb32zSJixriPekVFaS9kXXapnCqJNIITLAqwBLZsu83MSyWCso8xvXTvWoyxHAwL+HDXmtkG5Ai08CCIang==",
      "cpu": [
        "arm64"
      ],
      "license": "SEE LICENSE IN LICENSE",
      "optional": true,
      "os": [
        "linux"
      ]
    },
    "node_modules/@kilocode/cli-linux-x64": {
      "version": "7.8.1",
      "resolved": "https://registry.npmjs.org/@kilocode/cli-linux-x64/-/cli-linux-x64-7.8.1.tgz",
      "integrity": "sha512-CTq2MViW1+huuIk7LMb7pLhW68klhT5km2g1AvlGfMsxMkqFC3XvgKjyYdPKgLp3RdrsMu6b0V3yUKfN1Ls88Q==",
      "cpu": [
        "x64"
      ],
      "license": "SEE LICENSE IN LICENSE",
      "optional": true,
      "os": [
        "linux"
      ]
    },
    "node_modules/@kilocode/cli-linux-x64-baseline": {
      "version": "7.8.1",
      "resolved": "https://registry.npmjs.org/@kilocode/cli-linux-x64-baseline/-/cli-linux-x64-baseline-7.8.1.tgz",
      "integrity": "sha512-QnCge/7rojkMBBeL2DkmiP0NpsdMRfWhpSESn5r0kmBqBl2Zl0xiMx631416AVLQ2Dmjphnj+2Vks5YOzNtQtw==",
      "cpu": [
        "x64"
      ],
      "license": "SEE LICENSE IN LICENSE",
      "optional": true,
      "os": [
        "linux"
      ]
    },
    "node_modules/@kilocode/cli-linux-x64-baseline-musl": {
      "version": "7.8.1",
      "resolved": "https://registry.npmjs.org/@kilocode/cli-linux-x64-baseline-musl/-/cli-linux-x64-baseline-musl-7.8.1.tgz",
      "integrity": "sha512-b9TxQ2m2EQRrSq5LHjtgqkRGtNYID449N7NfMwMCh0a5soBb2RxrRl/g88VigxYBQo5ablROnBuMpc7qekQU6g==",
      "cpu": [
        "x64"
      ],
      "license": "SEE LICENSE IN LICENSE",
      "optional": true,
      "os": [
        "linux"
      ]
    },
    "node_modules/@kilocode/cli-linux-x64-musl": {
      "version": "7.8.1",
      "resolved": "https://registry.npmjs.org/@kilocode/cli-linux-x64-musl/-/cli-linux-x64-musl-7.8.1.tgz",
      "integrity": "sha512-OYGnU1fN62gH5IWwrpGR8hytuPUquIZ+8SQ1jn2u9TT8iWev69VnjS7eIuHgRBV60FVnQviz/+q0WEO2l9U7gw==",
      "cpu": [
        "x64"
      ],
      "license": "SEE LICENSE IN LICENSE",
      "optional": true,
      "os": [
        "linux"
      ]
    },
    "node_modules/@kilocode/cli-windows-arm64": {
      "version": "7.8.1",
      "resolved": "https://registry.npmjs.org/@kilocode/cli-windows-arm64/-/cli-windows-arm64-7.8.1.tgz",
      "integrity": "sha512-8J8sKXusyNNIua6l3b1B3fVlF9vvDPG1ya1vJap3fin9SzlbdKwtbvDMN9y2Lz8ON3n3jElZcXh6jC0N8rl+MQ==",
      "cpu": [
        "arm64"
      ],
      "license": "MIT",
      "optional": true,
      "os": [
        "win32"
      ]
    },
    "node_modules/@kilocode/cli-windows-x64": {
      "version": "7.8.1",
      "resolved": "https://registry.npmjs.org/@kilocode/cli-windows-x64/-/cli-windows-x64-7.8.1.tgz",
      "integrity": "sha512-gZsbdp1JXdAA58NrIgA/vHxFMbD/8Ms6JTyeDCCgajFyMOwfXWqFJy3J9doM8BF9Nk2Bn/hVLopwzeBdj4q8Tw==",
      "cpu": [
        "x64"
      ],
      "license": "MIT",
      "optional": true,
      "os": [
        "win32"
      ]
    },
    "node_modules/@kilocode/cli-windows-x64-baseline": {
      "version": "7.8.1",
      "resolved": "https://registry.npmjs.org/@kilocode/cli-windows-x64-baseline/-/cli-windows-x64-baseline-7.8.1.tgz",
      "integrity": "sha512-xVhTsNxztI+r3H3HI8T25ASzpI5APU0W/AIvWso1cX7vMNvv9UXIQDlAUbUbmpzYKlV508SL18OC1akMPOIxJg==",
      "cpu": [
        "x64"
      ],
      "license": "MIT",
      "optional": true,
      "os": [
        "win32"
      ]
    }
  }
}
